
Microsoft Visual Studio Solution File, Format Version 12.00
# Visual Studio Version 17
VisualStudioVersion = 17.3.32804.467
MinimumVisualStudioVersion = 10.0.40219.1
Project("{9A19103F-16F7-4668-BE54-9A1E7A4F7556}") = "Section9", "Section9\Section9.csproj", "{401A255F-C936-4E55-8C62-C39DC40A3C98}"
	ProjectSection(ProjectDependencies) = postProject
		{6D2862A4-E4F2-47FF-9606-D076724F0FFF} = {6D2862A4-E4F2-47FF-9606-D076724F0FFF}
		{D1D2BF84-3B17-448D-A865-B6BF9132D75A} = {D1D2BF84-3B17-448D-A865-B6BF9132D75A}
	EndProjectSection
EndProject
Project("{FAE04EC0-301F-11D3-BF4B-00C04F79EFBC}") = "ClassLibrary1", "ClassLibrary1\ClassLibrary1.csproj", "{6D2862A4-E4F2-47FF-9606-D076724F0FFF}"
EndProject
Project("{FAE04EC0-301F-11D3-BF4B-00C04F79EFBC}") = "student", "student\student.csproj", "{D1D2BF84-3B17-448D-A865-B6BF9132D75A}"
EndProject
Global
	GlobalSection(SolutionConfigurationPlatforms) = preSolution
		Debug|Any CPU = Debug|Any CPU
		Release|Any CPU = Release|Any CPU
	EndGlobalSection
	GlobalSection(ProjectConfigurationPlatforms) = postSolution
		{401A255F-C936-4E55-8C62-C39DC40A3C98}.Debug|Any CPU.ActiveCfg = Debug|Any CPU
		{401A255F-C936-4E55-8C62-C39DC40A3C98}.Debug|Any CPU.Build.0 = Debug|Any CPU
		{401A255F-C936-4E55-8C62-C39DC40A3C98}.Release|Any CPU.ActiveCfg = Release|Any CPU
		{401A255F-C936-4E55-8C62-C39DC40A3C98}.Release|Any CPU.Build.0 = Release|Any CPU
		{6D2862A4-E4F2-47FF-9606-D076724F0FFF}.Debug|Any CPU.ActiveCfg = Debug|Any CPU
		{6D2862A4-E4F2-47FF-9606-D076724F0FFF}.Debug|Any CPU.Build.0 = Debug|Any CPU
		{6D2862A4-E4F2-47FF-9606-D076724F0FFF}.Release|Any CPU.ActiveCfg = Release|Any CPU
		{6D2862A4-E4F2-47FF-9606-D076724F0FFF}.Release|Any CPU.Build.0 = Release|Any CPU
		{D1D2BF84-3B17-448D-A865-B6BF9132D75A}.Debug|Any CPU.ActiveCfg = Debug|Any CPU
		{D1D2BF84-3B17-448D-A865-B6BF9132D75A}.Debug|Any CPU.Build.0 = Debug|Any CPU
		{D1D2BF84-3B17-448D-A865-B6BF9132D75A}.Release|Any CPU.ActiveCfg = Release|Any CPU
		{D1D2BF84-3B17-448D-A865-B6BF9132D75A}.Release|Any CPU.Build.0 = Release|Any CPU
	EndGlobalSection
	GlobalSection(SolutionProperties) = preSolution
		HideSolutionNode = FALSE
	EndGlobalSection
	GlobalSection(ExtensibilityGlobals) = postSolution
		SolutionGuid = {614C79C3-8C84-470A-8B12-7B8C38F4052C}
	EndGlobalSection
EndGlobal
